
Microsoft Visual Studio Solution File, Format Version 12.00
# Visual Studio Version 17
VisualStudioVersion = 17.14.36221.1
MinimumVisualStudioVersion = 10.0.40219.1
Project("{FAE04EC0-301F-11D3-BF4B-00C04F79EFBC}") = "StickerBomb", "StickerBomb\StickerBomb.csproj", "{2918A841-9207-497D-8A0A-EE23689CB23C}"
EndProject
Project("{FAE04EC0-301F-11D3-BF4B-00C04F79EFBC}") = "EoS.StickerBomb", "EoS.StickerBomb\EoS.StickerBomb.csproj", "{ECDB5076-2246-4E5E-BBF1-12AEA4B565E8}"
EndProject
Project("{2150E333-8FDC-42A3-9474-1A3956D46DE8}") = "Solution Items", "Solution Items", "{02EA681E-C7D8-13C7-8484-4AC65E1B71E8}"
	ProjectSection(SolutionItems) = preProject
		README.md = README.md
		StickerBomb_20250907_210457.png = StickerBomb_20250907_210457.png
	EndProjectSection
EndProject
Global
	GlobalSection(SolutionConfigurationPlatforms) = preSolution
		Debug|Any CPU = Debug|Any CPU
		Release|Any CPU = Release|Any CPU
	EndGlobalSection
	GlobalSection(ProjectConfigurationPlatforms) = postSolution
		{2918A841-9207-497D-8A0A-EE23689CB23C}.Debug|Any CPU.ActiveCfg = Debug|Any CPU
		{2918A841-9207-497D-8A0A-EE23689CB23C}.Debug|Any CPU.Build.0 = Debug|Any CPU
		{2918A841-9207-497D-8A0A-EE23689CB23C}.Release|Any CPU.ActiveCfg = Release|Any CPU
		{2918A841-9207-497D-8A0A-EE23689CB23C}.Release|Any CPU.Build.0 = Release|Any CPU
		{ECDB5076-2246-4E5E-BBF1-12AEA4B565E8}.Debug|Any CPU.ActiveCfg = Debug|Any CPU
		{ECDB5076-2246-4E5E-BBF1-12AEA4B565E8}.Debug|Any CPU.Build.0 = Debug|Any CPU
		{ECDB5076-2246-4E5E-BBF1-12AEA4B565E8}.Release|Any CPU.ActiveCfg = Release|Any CPU
		{ECDB5076-2246-4E5E-BBF1-12AEA4B565E8}.Release|Any CPU.Build.0 = Release|Any CPU
	EndGlobalSection
	GlobalSection(SolutionProperties) = preSolution
		HideSolutionNode = FALSE
	EndGlobalSection
	GlobalSection(ExtensibilityGlobals) = postSolution
		SolutionGuid = {AD82550B-74AF-4E73-B25C-16AAE4F1CE37}
	EndGlobalSection
EndGlobal
